{
    "_meta": {
        "hash": {
            "sha256": "d53294bbbb29317764eabe5361d3f6d18b608ab670eeadb6a8d963ca78cdc200"
        },
        "pipfile-spec": 6,
        "requires": {
            "python_version": "3"
        },
        "sources": [
            {
                "name": "pypi",
                "url": "https://pypi.org/simple",
                "verify_ssl": true
            }
        ]
    },
    "default": {
        "asgiref": {
            "hashes": [
                "sha256:92906c611ce6c967347bbfea733f13d6313901d54dcca88195eaeb52b2a8e8ee",
                "sha256:d1216dfbdfb63826470995d31caed36225dcaf34f182e0fa257a4dd9e86f1b78"
            ],
            "version": "==3.3.4"
        },
        "click": {
            "hashes": [
                "sha256:8c04c11192119b1ef78ea049e0a6f0463e4c48ef00a30160c704337586f3ad7a",
                "sha256:fba402a4a47334742d782209a7c79bc448911afe1149d07bdabdf480b3e2f4b6"
            ],
            "version": "==8.0.1"
        },
        "django": {
            "hashes": [
                "sha256:50b781f6cbeb98f673aa76ed8e572a019a45e52bdd4ad09001072dfd91ab07c8",
                "sha256:89e451bfbb815280b137e33e454ddd56481fdaa6334054e6e031041ee1eda360"
            ],
            "index": "pypi",
            "version": "==3.0.4"
        },
        "dnspython": {
            "hashes": [
                "sha256:95d12f6ef0317118d2a1a6fc49aac65ffec7eb8087474158f42f26a639135216",
                "sha256:e4a87f0b573201a0f3727fa18a516b055fd1107e0e5477cded4a2de497df1dd4"
            ],
            "version": "==2.1.0"
        },
        "eventlet": {
            "hashes": [
                "sha256:658b1cd80937adc1a4860de2841e0528f64e2ca672885c4e00fc0e2217bde6b1",
                "sha256:6c9c625af48424c4680d89314dbe45a76cc990cf002489f9469ff214b044ffc1"
            ],
            "index": "pypi",
            "version": "==0.25.1"
        },
        "flask": {
            "hashes": [
                "sha256:13f9f196f330c7c2c5d7a5cf91af894110ca0215ac051b5844701f2bfd934d52",
                "sha256:45eb5a6fd193d6cf7e0cf5d8a5b31f83d5faae0293695626f539a823e93b13f6"
            ],
            "index": "pypi",
            "version": "==1.1.1"
        },
        "flask-cors": {
            "hashes": [
                "sha256:72170423eb4612f0847318afff8c247b38bd516b7737adfc10d1c2cdbb382d16",
                "sha256:f4d97201660e6bbcff2d89d082b5b6d31abee04b1b3003ee073a6fd25ad1d69a"
            ],
            "index": "pypi",
            "version": "==3.0.8"
        },
        "future": {
            "hashes": [
                "sha256:b1bead90b70cf6ec3f0710ae53a525360fa360d306a86583adc6bf83a4db537d"
            ],
            "version": "==0.18.2"
        },
        "greenlet": {
            "hashes": [
                "sha256:03f28a5ea20201e70ab70518d151116ce939b412961c33827519ce620957d44c",
                "sha256:06d7ac89e6094a0a8f8dc46aa61898e9e1aec79b0f8b47b2400dd51a44dbc832",
                "sha256:06ecb43b04480e6bafc45cb1b4b67c785e183ce12c079473359e04a709333b08",
                "sha256:096cb0217d1505826ba3d723e8981096f2622cde1eb91af9ed89a17c10aa1f3e",
                "sha256:0c557c809eeee215b87e8a7cbfb2d783fb5598a78342c29ade561440abae7d22",
                "sha256:0de64d419b1cb1bfd4ea544bedea4b535ef3ae1e150b0f2609da14bbf48a4a5f",
                "sha256:14927b15c953f8f2d2a8dffa224aa78d7759ef95284d4c39e1745cf36e8cdd2c",
                "sha256:16183fa53bc1a037c38d75fdc59d6208181fa28024a12a7f64bb0884434c91ea",
                "sha256:206295d270f702bc27dbdbd7651e8ebe42d319139e0d90217b2074309a200da8",
                "sha256:22002259e5b7828b05600a762579fa2f8b33373ad95a0ee57b4d6109d0e589ad",
                "sha256:2325123ff3a8ecc10ca76f062445efef13b6cf5a23389e2df3c02a4a527b89bc",
                "sha256:258f9612aba0d06785143ee1cbf2d7361801c95489c0bd10c69d163ec5254a16",
                "sha256:3096286a6072553b5dbd5efbefc22297e9d06a05ac14ba017233fedaed7584a8",
                "sha256:3d13da093d44dee7535b91049e44dd2b5540c2a0e15df168404d3dd2626e0ec5",
                "sha256:408071b64e52192869129a205e5b463abda36eff0cebb19d6e63369440e4dc99",
                "sha256:598bcfd841e0b1d88e32e6a5ea48348a2c726461b05ff057c1b8692be9443c6e",
                "sha256:5d928e2e3c3906e0a29b43dc26d9b3d6e36921eee276786c4e7ad9ff5665c78a",
                "sha256:5f75e7f237428755d00e7460239a2482fa7e3970db56c8935bd60da3f0733e56",
                "sha256:60848099b76467ef09b62b0f4512e7e6f0a2c977357a036de602b653667f5f4c",
                "sha256:6b1d08f2e7f2048d77343279c4d4faa7aef168b3e36039cba1917fffb781a8ed",
                "sha256:70bd1bb271e9429e2793902dfd194b653221904a07cbf207c3139e2672d17959",
                "sha256:76ed710b4e953fc31c663b079d317c18f40235ba2e3d55f70ff80794f7b57922",
                "sha256:7920e3eccd26b7f4c661b746002f5ec5f0928076bd738d38d894bb359ce51927",
                "sha256:7db68f15486d412b8e2cfcd584bf3b3a000911d25779d081cbbae76d71bd1a7e",
                "sha256:8833e27949ea32d27f7e96930fa29404dd4f2feb13cce483daf52e8842ec246a",
                "sha256:944fbdd540712d5377a8795c840a97ff71e7f3221d3fddc98769a15a87b36131",
                "sha256:9a6b035aa2c5fcf3dbbf0e3a8a5bc75286fc2d4e6f9cfa738788b433ec894919",
                "sha256:9bdcff4b9051fb1aa4bba4fceff6a5f770c6be436408efd99b76fc827f2a9319",
                "sha256:a9017ff5fc2522e45562882ff481128631bf35da444775bc2776ac5c61d8bcae",
                "sha256:aa4230234d02e6f32f189fd40b59d5a968fe77e80f59c9c933384fe8ba535535",
                "sha256:ad80bb338cf9f8129c049837a42a43451fc7c8b57ad56f8e6d32e7697b115505",
                "sha256:adb94a28225005890d4cf73648b5131e885c7b4b17bc762779f061844aabcc11",
                "sha256:b3090631fecdf7e983d183d0fad7ea72cfb12fa9212461a9b708ff7907ffff47",
                "sha256:b33b51ab057f8a20b497ffafdb1e79256db0c03ef4f5e3d52e7497200e11f821",
                "sha256:b97c9a144bbeec7039cca44df117efcbeed7209543f5695201cacf05ba3b5857",
                "sha256:be13a18cec649ebaab835dff269e914679ef329204704869f2f167b2c163a9da",
                "sha256:be9768e56f92d1d7cd94185bab5856f3c5589a50d221c166cc2ad5eb134bd1dc",
                "sha256:c1580087ab493c6b43e66f2bdd165d9e3c1e86ef83f6c2c44a29f2869d2c5bd5",
                "sha256:c35872b2916ab5a240d52a94314c963476c989814ba9b519bc842e5b61b464bb",
                "sha256:c70c7dd733a4c56838d1f1781e769081a25fade879510c5b5f0df76956abfa05",
                "sha256:c767458511a59f6f597bfb0032a1c82a52c29ae228c2c0a6865cfeaeaac4c5f5",
                "sha256:c87df8ae3f01ffb4483c796fe1b15232ce2b219f0b18126948616224d3f658ee",
                "sha256:ca1c4a569232c063615f9e70ff9a1e2fee8c66a6fb5caf0f5e8b21a396deec3e",
                "sha256:cc407b68e0a874e7ece60f6639df46309376882152345508be94da608cc0b831",
                "sha256:da862b8f7de577bc421323714f63276acb2f759ab8c5e33335509f0b89e06b8f",
                "sha256:dfe7eac0d253915116ed0cd160a15a88981a1d194c1ef151e862a5c7d2f853d3",
                "sha256:ed1377feed808c9c1139bdb6a61bcbf030c236dd288d6fca71ac26906ab03ba6",
                "sha256:f42ad188466d946f1b3afc0a9e1a266ac8926461ee0786c06baac6bd71f8a6f3",
                "sha256:f92731609d6625e1cc26ff5757db4d32b6b810d2a3363b0ff94ff573e5901f6f"
            ],
            "version": "==1.1.0"
        },
        "image": {
            "hashes": [
                "sha256:196440a7b834b1aa738d342fa0832befe5dc06f2bf6c176bf9963cb83c3423b6"
            ],
            "index": "pypi",
            "version": "==1.5.28"
        },
        "itsdangerous": {
            "hashes": [
                "sha256:5174094b9637652bdb841a3029700391451bd092ba3db90600dea710ba28e97c",
                "sha256:9e724d68fc22902a1435351f84c3fb8623f303fffcc566a4cb952df8c572cff0"
            ],
            "version": "==2.0.1"
        },
        "jinja2": {
            "hashes": [
                "sha256:93187ffbc7808079673ef52771baa950426fd664d3aad1d0fa3e95644360e250",
                "sha256:b0eaf100007721b5c16c1fc1eecb87409464edc10469ddc9a22a27a99123be49"
            ],
            "index": "pypi",
            "version": "==2.11.1"
        },
        "markupsafe": {
            "hashes": [
                "sha256:01a9b8ea66f1658938f65b93a85ebe8bc016e6769611be228d797c9d998dd298",
                "sha256:023cb26ec21ece8dc3907c0e8320058b2e0cb3c55cf9564da612bc325bed5e64",
                "sha256:0446679737af14f45767963a1a9ef7620189912317d095f2d9ffa183a4d25d2b",
                "sha256:0717a7390a68be14b8c793ba258e075c6f4ca819f15edfc2a3a027c823718567",
                "sha256:0955295dd5eec6cb6cc2fe1698f4c6d84af2e92de33fbcac4111913cd100a6ff",
                "sha256:10f82115e21dc0dfec9ab5c0223652f7197feb168c940f3ef61563fc2d6beb74",
                "sha256:1d609f577dc6e1aa17d746f8bd3c31aa4d258f4070d61b2aa5c4166c1539de35",
                "sha256:2ef54abee730b502252bcdf31b10dacb0a416229b72c18b19e24a4509f273d26",
                "sha256:3c112550557578c26af18a1ccc9e090bfe03832ae994343cfdacd287db6a6ae7",
                "sha256:47ab1e7b91c098ab893b828deafa1203de86d0bc6ab587b160f78fe6c4011f75",
                "sha256:49e3ceeabbfb9d66c3aef5af3a60cc43b85c33df25ce03d0031a608b0a8b2e3f",
                "sha256:4efca8f86c54b22348a5467704e3fec767b2db12fc39c6d963168ab1d3fc9135",
                "sha256:53edb4da6925ad13c07b6d26c2a852bd81e364f95301c66e930ab2aef5b5ddd8",
                "sha256:594c67807fb16238b30c44bdf74f36c02cdf22d1c8cda91ef8a0ed8dabf5620a",
                "sha256:611d1ad9a4288cf3e3c16014564df047fe08410e628f89805e475368bd304914",
                "sha256:6557b31b5e2c9ddf0de32a691f2312a32f77cd7681d8af66c2692efdbef84c18",
                "sha256:693ce3f9e70a6cf7d2fb9e6c9d8b204b6b39897a2c4a1aa65728d5ac97dcc1d8",
                "sha256:6a7fae0dd14cf60ad5ff42baa2e95727c3d81ded453457771d02b7d2b3f9c0c2",
                "sha256:6c4ca60fa24e85fe25b912b01e62cb969d69a23a5d5867682dd3e80b5b02581d",
                "sha256:7d91275b0245b1da4d4cfa07e0faedd5b0812efc15b702576d103293e252af1b",
                "sha256:905fec760bd2fa1388bb5b489ee8ee5f7291d692638ea5f67982d968366bef9f",
                "sha256:97383d78eb34da7e1fa37dd273c20ad4320929af65d156e35a5e2d89566d9dfb",
                "sha256:984d76483eb32f1bcb536dc27e4ad56bba4baa70be32fa87152832cdd9db0833",
                "sha256:a30e67a65b53ea0a5e62fe23682cfe22712e01f453b95233b25502f7c61cb415",
                "sha256:ab3ef638ace319fa26553db0624c4699e31a28bb2a835c5faca8f8acf6a5a902",
                "sha256:b2f4bf27480f5e5e8ce285a8c8fd176c0b03e93dcc6646477d4630e83440c6a9",
                "sha256:b7f2d075102dc8c794cbde1947378051c4e5180d52d276987b8d28a3bd58c17d",
                "sha256:be98f628055368795d818ebf93da628541e10b75b41c559fdf36d104c5787066",
                "sha256:d7f9850398e85aba693bb640262d3611788b1f29a79f0c93c565694658f4071f",
                "sha256:f5653a225f31e113b152e56f154ccbe59eeb1c7487b39b9d9f9cdb58e6c79dc5",
                "sha256:f826e31d18b516f653fe296d967d700fddad5901ae07c622bb3705955e1faa94",
                "sha256:f8ba0e8349a38d3001fae7eadded3f6606f0da5d748ee53cc1dab1d6527b9509",
                "sha256:f9081981fe268bd86831e5c75f7de206ef275defcb82bc70740ae6dc507aee51",
                "sha256:fa130dd50c57d53368c9d59395cb5526eda596d3ffe36666cd81a44d56e48872"
            ],
            "version": "==2.0.1"
        },
        "monotonic": {
            "hashes": [
                "sha256:68687e19a14f11f26d140dd5c86f3dba4bf5df58003000ed467e0e2a69bca96c"
            ],
            "version": "==1.6"
        },
        "numpy": {
            "hashes": [
                "sha256:1786a08236f2c92ae0e70423c45e1e62788ed33028f94ca99c4df03f5be6b3c6",
                "sha256:17aa7a81fe7599a10f2b7d95856dc5cf84a4eefa45bc96123cbbc3ebc568994e",
                "sha256:20b26aaa5b3da029942cdcce719b363dbe58696ad182aff0e5dcb1687ec946dc",
                "sha256:2d75908ab3ced4223ccba595b48e538afa5ecc37405923d1fea6906d7c3a50bc",
                "sha256:39d2c685af15d3ce682c99ce5925cc66efc824652e10990d2462dfe9b8918c6a",
                "sha256:56bc8ded6fcd9adea90f65377438f9fea8c05fcf7c5ba766bef258d0da1554aa",
                "sha256:590355aeade1a2eaba17617c19edccb7db8d78760175256e3cf94590a1a964f3",
                "sha256:70a840a26f4e61defa7bdf811d7498a284ced303dfbc35acb7be12a39b2aa121",
                "sha256:77c3bfe65d8560487052ad55c6998a04b654c2fbc36d546aef2b2e511e760971",
                "sha256:9537eecf179f566fd1c160a2e912ca0b8e02d773af0a7a1120ad4f7507cd0d26",
                "sha256:9acdf933c1fd263c513a2df3dceecea6f3ff4419d80bf238510976bf9bcb26cd",
                "sha256:ae0975f42ab1f28364dcda3dde3cf6c1ddab3e1d4b2909da0cb0191fa9ca0480",
                "sha256:b3af02ecc999c8003e538e60c89a2b37646b39b688d4e44d7373e11c2debabec",
                "sha256:b6ff59cee96b454516e47e7721098e6ceebef435e3e21ac2d6c3b8b02628eb77",
                "sha256:b765ed3930b92812aa698a455847141869ef755a87e099fddd4ccf9d81fffb57",
                "sha256:c98c5ffd7d41611407a1103ae11c8b634ad6a43606eca3e2a5a269e5d6e8eb07",
                "sha256:cf7eb6b1025d3e169989416b1adcd676624c2dbed9e3bcb7137f51bfc8cc2572",
                "sha256:d92350c22b150c1cae7ebb0ee8b5670cc84848f6359cf6b5d8f86617098a9b73",
                "sha256:e422c3152921cece8b6a2fb6b0b4d73b6579bd20ae075e7d15143e711f3ca2ca",
                "sha256:e840f552a509e3380b0f0ec977e8124d0dc34dc0e68289ca28f4d7c1d0d79474",
                "sha256:f3d0a94ad151870978fb93538e95411c83899c9dc63e6fb65542f769568ecfa5"
            ],
            "index": "pypi",
            "version": "==1.18.1"
        },
        "pillow": {
            "hashes": [
                "sha256:01425106e4e8cee195a411f729cff2a7d61813b0b11737c12bd5991f5f14bcd5",
                "sha256:031a6c88c77d08aab84fecc05c3cde8414cd6f8406f4d2b16fed1e97634cc8a4",
                "sha256:083781abd261bdabf090ad07bb69f8f5599943ddb539d64497ed021b2a67e5a9",
                "sha256:0d19d70ee7c2ba97631bae1e7d4725cdb2ecf238178096e8c82ee481e189168a",
                "sha256:0e04d61f0064b545b989126197930807c86bcbd4534d39168f4aa5fda39bb8f9",
                "sha256:12e5e7471f9b637762453da74e390e56cc43e486a88289995c1f4c1dc0bfe727",
                "sha256:22fd0f42ad15dfdde6c581347eaa4adb9a6fc4b865f90b23378aa7914895e120",
                "sha256:238c197fc275b475e87c1453b05b467d2d02c2915fdfdd4af126145ff2e4610c",
                "sha256:3b570f84a6161cf8865c4e08adf629441f56e32f180f7aa4ccbd2e0a5a02cba2",
                "sha256:463822e2f0d81459e113372a168f2ff59723e78528f91f0bd25680ac185cf797",
                "sha256:4d98abdd6b1e3bf1a1cbb14c3895226816e666749ac040c4e2554231068c639b",
                "sha256:5afe6b237a0b81bd54b53f835a153770802f164c5570bab5e005aad693dab87f",
                "sha256:5b70110acb39f3aff6b74cf09bb4169b167e2660dabc304c1e25b6555fa781ef",
                "sha256:5cbf3e3b1014dddc45496e8cf38b9f099c95a326275885199f427825c6522232",
                "sha256:624b977355cde8b065f6d51b98497d6cd5fbdd4f36405f7a8790e3376125e2bb",
                "sha256:63728564c1410d99e6d1ae8e3b810fe012bc440952168af0a2877e8ff5ab96b9",
                "sha256:66cc56579fd91f517290ab02c51e3a80f581aba45fd924fcdee01fa06e635812",
                "sha256:6c32cc3145928c4305d142ebec682419a6c0a8ce9e33db900027ddca1ec39178",
                "sha256:8b56553c0345ad6dcb2e9b433ae47d67f95fc23fe28a0bde15a120f25257e291",
                "sha256:8bb1e155a74e1bfbacd84555ea62fa21c58e0b4e7e6b20e4447b8d07990ac78b",
                "sha256:95d5ef984eff897850f3a83883363da64aae1000e79cb3c321915468e8c6add5",
                "sha256:a013cbe25d20c2e0c4e85a9daf438f85121a4d0344ddc76e33fd7e3965d9af4b",
                "sha256:a787ab10d7bb5494e5f76536ac460741788f1fbce851068d73a87ca7c35fc3e1",
                "sha256:a7d5e9fad90eff8f6f6106d3b98b553a88b6f976e51fce287192a5d2d5363713",
                "sha256:aac00e4bc94d1b7813fe882c28990c1bc2f9d0e1aa765a5f2b516e8a6a16a9e4",
                "sha256:b91c36492a4bbb1ee855b7d16fe51379e5f96b85692dc8210831fbb24c43e484",
                "sha256:c03c07ed32c5324939b19e36ae5f75c660c81461e312a41aea30acdd46f93a7c",
                "sha256:c5236606e8570542ed424849f7852a0ff0bce2c4c8d0ba05cc202a5a9c97dee9",
                "sha256:c6b39294464b03457f9064e98c124e09008b35a62e3189d3513e5148611c9388",
                "sha256:cb7a09e173903541fa888ba010c345893cd9fc1b5891aaf060f6ca77b6a3722d",
                "sha256:d68cb92c408261f806b15923834203f024110a2e2872ecb0bd2a110f89d3c602",
                "sha256:dc38f57d8f20f06dd7c3161c59ca2c86893632623f33a42d592f097b00f720a9",
                "sha256:e98eca29a05913e82177b3ba3d198b1728e164869c613d76d0de4bde6768a50e",
                "sha256:f217c3954ce5fd88303fc0c317af55d5e0204106d86dea17eb8205700d47dec2"
            ],
            "index": "pypi",
            "version": "==8.2.0"
        },
        "pyglet": {
            "hashes": [
                "sha256:6ea918985feddfa9bf0fcc01ffe9ff5849e7b6e832d9b2e03b9d2a36369cb6ee",
                "sha256:a42f599ebd0dc8113563041c402ae09be05cdcbc643bb1183785141ba3c3304e"
            ],
            "index": "pypi",
            "version": "==1.5.0"
        },
        "pytz": {
            "hashes": [
                "sha256:83a4a90894bf38e243cf052c8b58f381bfe9a7a483f6a9cab140bc7f702ac4da",
                "sha256:eb10ce3e7736052ed3623d49975ce333bcd712c7bb19a58b9e2089d4057d0798"
            ],
            "version": "==2021.1"
        },
        "redis": {
            "hashes": [
                "sha256:0dcfb335921b88a850d461dc255ff4708294943322bd55de6cfd68972490ca1f",
                "sha256:b205cffd05ebfd0a468db74f0eedbff8df1a7bfc47521516ade4692991bb0833"
            ],
            "index": "pypi",
            "version": "==3.4.1"
        },
        "scipy": {
            "hashes": [
                "sha256:00af72998a46c25bdb5824d2b729e7dabec0c765f9deb0b504f928591f5ff9d4",
                "sha256:0902a620a381f101e184a958459b36d3ee50f5effd186db76e131cbefcbb96f7",
                "sha256:1e3190466d669d658233e8a583b854f6386dd62d655539b77b3fa25bfb2abb70",
                "sha256:2cce3f9847a1a51019e8c5b47620da93950e58ebc611f13e0d11f4980ca5fecb",
                "sha256:3092857f36b690a321a662fe5496cb816a7f4eecd875e1d36793d92d3f884073",
                "sha256:386086e2972ed2db17cebf88610aab7d7f6e2c0ca30042dc9a89cf18dcc363fa",
                "sha256:71eb180f22c49066f25d6df16f8709f215723317cc951d99e54dc88020ea57be",
                "sha256:770254a280d741dd3436919d47e35712fb081a6ff8bafc0f319382b954b77802",
                "sha256:787cc50cab3020a865640aba3485e9fbd161d4d3b0d03a967df1a2881320512d",
                "sha256:8a07760d5c7f3a92e440ad3aedcc98891e915ce857664282ae3c0220f3301eb6",
                "sha256:8d3bc3993b8e4be7eade6dcc6fd59a412d96d3a33fa42b0fa45dc9e24495ede9",
                "sha256:9508a7c628a165c2c835f2497837bf6ac80eb25291055f56c129df3c943cbaf8",
                "sha256:a144811318853a23d32a07bc7fd5561ff0cac5da643d96ed94a4ffe967d89672",
                "sha256:a1aae70d52d0b074d8121333bc807a485f9f1e6a69742010b33780df2e60cfe0",
                "sha256:a2d6df9eb074af7f08866598e4ef068a2b310d98f87dc23bd1b90ec7bdcec802",
                "sha256:bb517872058a1f087c4528e7429b4a44533a902644987e7b2fe35ecc223bc408",
                "sha256:c5cac0c0387272ee0e789e94a570ac51deb01c796b37fb2aad1fb13f85e2f97d",
                "sha256:cc971a82ea1170e677443108703a2ec9ff0f70752258d0e9f5433d00dda01f59",
                "sha256:dba8306f6da99e37ea08c08fef6e274b5bf8567bb094d1dbe86a20e532aca088",
                "sha256:dc60bb302f48acf6da8ca4444cfa17d52c63c5415302a9ee77b3b21618090521",
                "sha256:dee1bbf3a6c8f73b6b218cb28eed8dd13347ea2f87d572ce19b289d6fd3fbc59"
            ],
            "index": "pypi",
            "version": "==1.4.1"
        },
        "simplejson": {
            "hashes": [
                "sha256:0fe3994207485efb63d8f10a833ff31236ed27e3b23dadd0bf51c9900313f8f2",
                "sha256:17163e643dbf125bb552de17c826b0161c68c970335d270e174363d19e7ea882",
                "sha256:1d1e929cdd15151f3c0b2efe953b3281b2fd5ad5f234f77aca725f28486466f6",
                "sha256:1ea59f570b9d4916ae5540a9181f9c978e16863383738b69a70363bc5e63c4cb",
                "sha256:22a7acb81968a7c64eba7526af2cf566e7e2ded1cb5c83f0906b17ff1540f866",
                "sha256:2b4b2b738b3b99819a17feaf118265d0753d5536049ea570b3c43b51c4701e81",
                "sha256:4cf91aab51b02b3327c9d51897960c554f00891f9b31abd8a2f50fd4a0071ce8",
                "sha256:7cce4bac7e0d66f3a080b80212c2238e063211fe327f98d764c6acbc214497fc",
                "sha256:8027bd5f1e633eb61b8239994e6fc3aba0346e76294beac22a892eb8faa92ba1",
                "sha256:86afc5b5cbd42d706efd33f280fec7bd7e2772ef54e3f34cf6b30777cd19a614",
                "sha256:87d349517b572964350cc1adc5a31b493bbcee284505e81637d0174b2758ba17",
                "sha256:926bcbef9eb60e798eabda9cd0bbcb0fca70d2779aa0aa56845749d973eb7ad5",
                "sha256:9a126c3a91df5b1403e965ba63b304a50b53d8efc908a8c71545ed72535374a3",
                "sha256:daaf4d11db982791be74b23ff4729af2c7da79316de0bebf880fa2d60bcc8c5a",
                "sha256:fc046afda0ed8f5295212068266c92991ab1f4a50c6a7144b69364bdee4a0159",
                "sha256:fc9051d249dd5512e541f20330a74592f7a65b2d62e18122ca89bf71f94db748"
            ],
            "index": "pypi",
            "version": "==3.17.0"
        },
        "six": {
            "hashes": [
                "sha256:1e61c37477a1626458e36f7b1d82aa5c9b094fa4802892072e49de9c60c4c926",
                "sha256:8abb2f1d86890a2dfb989f9a77cfcfd3e47c2a354b01111771326f8aa26e0254"
            ],
            "version": "==1.16.0"
        },
        "sqlparse": {
            "hashes": [
                "sha256:017cde379adbd6a1f15a61873f43e8274179378e95ef3fede90b5aa64d304ed0",
                "sha256:0f91fd2e829c44362cbcfab3e9ae12e22badaa8a29ad5ff599f9ec109f0454e8"
            ],
            "version": "==0.4.1"
        },
        "werkzeug": {
            "hashes": [
                "sha256:1de1db30d010ff1af14a009224ec49ab2329ad2cde454c8a708130642d579c42",
                "sha256:6c1ec500dcdba0baa27600f6a22f6333d8b662d22027ff9f6202e3367413caa8"
            ],
            "version": "==2.0.1"
        }
    },
    "develop": {}
}
